
Microsoft Visual Studio Solution File, Format Version 12.00
# Visual Studio Version 17
VisualStudioVersion = 17.8.34525.116
MinimumVisualStudioVersion = 10.0.40219.1
Project("{9A19103F-16F7-4668-BE54-9A1E7A4F7556}") = "IFSPStore.Domain", "IFSPStore.Domain\IFSPStore.Domain.csproj", "{F7B58A66-C61B-48CD-A04E-36C61C34C41A}"
EndProject
Project("{9A19103F-16F7-4668-BE54-9A1E7A4F7556}") = "IFSPStore.Repository", "IFSPStore.Repository\IFSPStore.Repository.csproj", "{3CEA2D30-275B-48D7-B7F5-D299170B30F8}"
EndProject
Project("{9A19103F-16F7-4668-BE54-9A1E7A4F7556}") = "IFSPStore.Service", "IFSPStore.Service\IFSPStore.Service.csproj", "{5F958678-3CA7-4FC7-9692-8ECB1EABF35C}"
EndProject
Project("{9A19103F-16F7-4668-BE54-9A1E7A4F7556}") = "IFSPStore.app", "IFSPStore.app\IFSPStore.app.csproj", "{A8AF49AC-A6ED-49E5-809F-0D5194561343}"
EndProject
Global
	GlobalSection(SolutionConfigurationPlatforms) = preSolution
		Debug|Any CPU = Debug|Any CPU
		Release|Any CPU = Release|Any CPU
	EndGlobalSection
	GlobalSection(ProjectConfigurationPlatforms) = postSolution
		{F7B58A66-C61B-48CD-A04E-36C61C34C41A}.Debug|Any CPU.ActiveCfg = Debug|Any CPU
		{F7B58A66-C61B-48CD-A04E-36C61C34C41A}.Debug|Any CPU.Build.0 = Debug|Any CPU
		{F7B58A66-C61B-48CD-A04E-36C61C34C41A}.Release|Any CPU.ActiveCfg = Release|Any CPU
		{F7B58A66-C61B-48CD-A04E-36C61C34C41A}.Release|Any CPU.Build.0 = Release|Any CPU
		{3CEA2D30-275B-48D7-B7F5-D299170B30F8}.Debug|Any CPU.ActiveCfg = Debug|Any CPU
		{3CEA2D30-275B-48D7-B7F5-D299170B30F8}.Debug|Any CPU.Build.0 = Debug|Any CPU
		{3CEA2D30-275B-48D7-B7F5-D299170B30F8}.Release|Any CPU.ActiveCfg = Release|Any CPU
		{3CEA2D30-275B-48D7-B7F5-D299170B30F8}.Release|Any CPU.Build.0 = Release|Any CPU
		{5F958678-3CA7-4FC7-9692-8ECB1EABF35C}.Debug|Any CPU.ActiveCfg = Debug|Any CPU
		{5F958678-3CA7-4FC7-9692-8ECB1EABF35C}.Debug|Any CPU.Build.0 = Debug|Any CPU
		{5F958678-3CA7-4FC7-9692-8ECB1EABF35C}.Release|Any CPU.ActiveCfg = Release|Any CPU
		{5F958678-3CA7-4FC7-9692-8ECB1EABF35C}.Release|Any CPU.Build.0 = Release|Any CPU
		{A8AF49AC-A6ED-49E5-809F-0D5194561343}.Debug|Any CPU.ActiveCfg = Debug|Any CPU
		{A8AF49AC-A6ED-49E5-809F-0D5194561343}.Debug|Any CPU.Build.0 = Debug|Any CPU
		{A8AF49AC-A6ED-49E5-809F-0D5194561343}.Release|Any CPU.ActiveCfg = Release|Any CPU
		{A8AF49AC-A6ED-49E5-809F-0D5194561343}.Release|Any CPU.Build.0 = Release|Any CPU
	EndGlobalSection
	GlobalSection(SolutionProperties) = preSolution
		HideSolutionNode = FALSE
	EndGlobalSection
	GlobalSection(ExtensibilityGlobals) = postSolution
		SolutionGuid = {9A615836-0CEB-4C4C-9101-3220366F91C7}
	EndGlobalSection
EndGlobal
